
Microsoft Visual Studio Solution File, Format Version 12.00
# Visual Studio Version 17
VisualStudioVersion = 17.8.34330.188
MinimumVisualStudioVersion = 10.0.40219.1
Project("{FAE04EC0-301F-11D3-BF4B-00C04F79EFBC}") = "DotNet8.Console.Linq", "DotNet8.Console.Linq.csproj", "{B9BA0197-41D0-4871-B8F5-7F4BF6FA8785}"
EndProject
Global
	GlobalSection(SolutionConfigurationPlatforms) = preSolution
		Debug|Any CPU = Debug|Any CPU
		Release|Any CPU = Release|Any CPU
	EndGlobalSection
	GlobalSection(ProjectConfigurationPlatforms) = postSolution
		{B9BA0197-41D0-4871-B8F5-7F4BF6FA8785}.Debug|Any CPU.ActiveCfg = Debug|Any CPU
		{B9BA0197-41D0-4871-B8F5-7F4BF6FA8785}.Debug|Any CPU.Build.0 = Debug|Any CPU
		{B9BA0197-41D0-4871-B8F5-7F4BF6FA8785}.Release|Any CPU.ActiveCfg = Release|Any CPU
		{B9BA0197-41D0-4871-B8F5-7F4BF6FA8785}.Release|Any CPU.Build.0 = Release|Any CPU
	EndGlobalSection
	GlobalSection(SolutionProperties) = preSolution
		HideSolutionNode = FALSE
	EndGlobalSection
	GlobalSection(ExtensibilityGlobals) = postSolution
		SolutionGuid = {A11F26B6-C19E-4F7B-B9AF-43FC0AD56ADB}
	EndGlobalSection
EndGlobal
